lockfileVersion: '9.0'

settings:
  autoInstallPeers: true
  excludeLinksFromLockfile: false

importers:

  .:
    devDependencies:
      lefthook:
        specifier: ^1.7.18
        version: 1.7.18

packages:

  lefthook-darwin-arm64@1.7.18:
    resolution: {integrity: sha512-jZgg+TSUINNWEJU2yGybTkW4qCVzGjtATnwJXsOJrM20IFWGy3NKdJG1S8Oha//5FmjcBOUY+gnXGxsWYkAesg==}
    cpu: [arm64]
    os: [darwin]

  lefthook-darwin-x64@1.7.18:
    resolution: {integrity: sha512-bEWaPmG4oB2YVW46sicBV6oB3ynC0ai+q+UuTwClWNcQ7aZivZcxRGDA4KmsldAGgmLls2bL0oRVwg2t3axnfA==}
    cpu: [x64]
    os: [darwin]

  lefthook-freebsd-arm64@1.7.18:
    resolution: {integrity: sha512-XWYpQGSkcKMye0OfXd9VkVQnccKJ5Vue04fDNvVFypFTTXJSwtCNfRF/RGGZ9KXmEz4U/m6JPRMjj4o//lmtzQ==}
    cpu: [arm64]
    os: [freebsd]

  lefthook-freebsd-x64@1.7.18:
    resolution: {integrity: sha512-EJ3oaQXi0DUXQP0FPiCcxZI3UqR27xt/0MEfwztKnfFIF6toNvUkmD+AgTp0SUOGMvquGEPDN2Fh1eWqNUyZ7Q==}
    cpu: [x64]
    os: [freebsd]

  lefthook-linux-arm64@1.7.18:
    resolution: {integrity: sha512-V8TMOtMvDUT5gXUqE7IPs1fT3esGfy/BPm9+UR3odzbkP+MRSOo049H2C2PDCIQylsRciMVU27QM6b4tfLvZRw==}
    cpu: [arm64]
    os: [linux]

  lefthook-linux-x64@1.7.18:
    resolution: {integrity: sha512-Cw0StKxQTucrUvIT80ZDOdUdcM44u9mhBCFg4JoiLfVhd30yiLfgoPijIAgHRIluBgTRfWFC3wxWM5zbszSD2w==}
    cpu: [x64]
    os: [linux]

  lefthook-openbsd-arm64@1.7.18:
    resolution: {integrity: sha512-DGSpivaJUVl/uTnyZzkL11vpJGv4/wl6ETAkwKz09hyvES1mbcnG8nnVmELbdwL+qnRkWvu5YRcYgNFK4JmSlg==}
    cpu: [arm64]
    os: [openbsd]

  lefthook-openbsd-x64@1.7.18:
    resolution: {integrity: sha512-c1hfPxCXjqmm1bp7o03cD99noQ5Rbno0I05xO3h2GlQfUxXxixpWuoz/uWW9pBzuTp46vgv4kxc7/1kIoJwjtQ==}
    cpu: [x64]
    os: [openbsd]

  lefthook-windows-arm64@1.7.18:
    resolution: {integrity: sha512-1rPf98E31HbzEflfBrKyE0NQD9iLCE1RVJb7hTH1snakm0tDdeAGMowFwtvMV1bkYwwv4yIzEam8xa4IzJ7wLw==}
    cpu: [arm64]
    os: [win32]

  lefthook-windows-x64@1.7.18:
    resolution: {integrity: sha512-wthEG+aWPmJcEF4FZoabtMbZCLCJJ2ynIPyh8tiqnLoauQaAvaYOQuOEUK1gwhVOiducaOmP6A0MWGX35jA9mw==}
    cpu: [x64]
    os: [win32]

  lefthook@1.7.18:
    resolution: {integrity: sha512-CB2cf/BgSA5kKwGZ4cZyPL/sr99a+t5exH+LJMuFfQyN6B6MkC1YtibpTc/T3HJyzk1oY4HgqalkNB3/cXRU5w==}
    hasBin: true

snapshots:

  lefthook-darwin-arm64@1.7.18:
    optional: true

  lefthook-darwin-x64@1.7.18:
    optional: true

  lefthook-freebsd-arm64@1.7.18:
    optional: true

  lefthook-freebsd-x64@1.7.18:
    optional: true

  lefthook-linux-arm64@1.7.18:
    optional: true

  lefthook-linux-x64@1.7.18:
    optional: true

  lefthook-openbsd-arm64@1.7.18:
    optional: true

  lefthook-openbsd-x64@1.7.18:
    optional: true

  lefthook-windows-arm64@1.7.18:
    optional: true

  lefthook-windows-x64@1.7.18:
    optional: true

  lefthook@1.7.18:
    optionalDependencies:
      lefthook-darwin-arm64: 1.7.18
      lefthook-darwin-x64: 1.7.18
      lefthook-freebsd-arm64: 1.7.18
      lefthook-freebsd-x64: 1.7.18
      lefthook-linux-arm64: 1.7.18
      lefthook-linux-x64: 1.7.18
      lefthook-openbsd-arm64: 1.7.18
      lefthook-openbsd-x64: 1.7.18
      lefthook-windows-arm64: 1.7.18
      lefthook-windows-x64: 1.7.18
